// !$*UTF8*$!
{
	archiveVersion = 1;
	classes = {
	};
	objectVersion = 77;
	objects = {

/* Begin PBXContainerItemProxy section */
		5BA230772E1FD68300EE5650 /* PBXContainerItemProxy */ = {
			isa = PBXContainerItemProxy;
			containerPortal = 5BA2305C2E1FD68100EE5650 /* Project object */;
			proxyType = 1;
			remoteGlobalIDString = 5BA230632E1FD68100EE5650;
			remoteInfo = KyleSynonyms;
		};
		5BA230812E1FD68300EE5650 /* PBXContainerItemProxy */ = {
			isa = PBXContainerItemProxy;
			containerPortal = 5BA2305C2E1FD68100EE5650 /* Project object */;
			proxyType = 1;
			remoteGlobalIDString = 5BA230632E1FD68100EE5650;
			remoteInfo = KyleSynonyms;
		};
/* End PBXContainerItemProxy section */

/* Begin PBXFileReference section */
		5BA230642E1FD68100EE5650 /* KyleSynonyms.app */ = {isa = PBXFileReference; explicitFileType = wrapper.application; includeInIndex = 0; path = KyleSynonyms.app; sourceTree = BUILT_PRODUCTS_DIR; };
		5BA230762E1FD68300EE5650 /* KyleSynonymsTests.xctest */ = {isa = PBXFileReference; explicitFileType = wrapper.cfbundle; includeInIndex = 0; path = KyleSynonymsTests.xctest; sourceTree = BUILT_PRODUCTS_DIR; };
		5BA230802E1FD68300EE5650 /* KyleSynonymsUITests.xctest */ = {isa = PBXFileReference; explicitFileType = wrapper.cfbundle; includeInIndex = 0; path = KyleSynonymsUITests.xctest; sourceTree = BUILT_PRODUCTS_DIR; };
/* End PBXFileReference section */

/* Begin PBXFileSystemSynchronizedRootGroup section */
		5BA230662E1FD68100EE5650 /* KyleSynonyms */ = {
			isa = PBXFileSystemSynchronizedRootGroup;
			path = KyleSynonyms;
			sourceTree = "<group>";
		};
		5BA230792E1FD68300EE5650 /* KyleSynonymsTests */ = {
			isa = PBXFileSystemSynchronizedRootGroup;
			path = KyleSynonymsTests;
			sourceTree = "<group>";
		};
		5BA230832E1FD68300EE5650 /* KyleSynonymsUITests */ = {
			isa = PBXFileSystemSynchronizedRootGroup;
			path = KyleSynonymsUITests;
			sourceTree = "<group>";
		};
/* End PBXFileSystemSynchronizedRootGroup section */

/* Begin PBXFrameworksBuildPhase section */
		5BA230612E1FD68100EE5650 /* Frameworks */ = {
			isa = PBXFrameworksBuildPhase;
			buildActionMask = 2147483647;
			files = (
			);
			runOnlyForDeploymentPostprocessing = 0;
		};
		5BA230732E1FD68300EE5650 /* Frameworks */ = {
			isa = PBXFrameworksBuildPhase;
			buildActionMask = 2147483647;
			files = (
			);
			runOnlyForDeploymentPostprocessing = 0;
		};
		5BA2307D2E1FD68300EE5650 /* Frameworks */ = {
			isa = PBXFrameworksBuildPhase;
			buildActionMask = 2147483647;
			files = (
			);
			runOnlyForDeploymentPostprocessing = 0;
		};
/* End PBXFrameworksBuildPhase section */

/* Begin PBXGroup section */
		5BA2305B2E1FD68100EE5650 = {
			isa = PBXGroup;
			children = (
				5BA230662E1FD68100EE5650 /* KyleSynonyms */,
				5BA230792E1FD68300EE5650 /* KyleSynonymsTests */,
				5BA230832E1FD68300EE5650 /* KyleSynonymsUITests */,
				5BA230652E1FD68100EE5650 /* Products */,
			);
			sourceTree = "<group>";
		};
		5BA230652E1FD68100EE5650 /* Products */ = {
			isa = PBXGroup;
			children = (
				5BA230642E1FD68100EE5650 /* KyleSynonyms.app */,
				5BA230762E1FD68300EE5650 /* KyleSynonymsTests.xctest */,
				5BA230802E1FD68300EE5650 /* KyleSynonymsUITests.xctest */,
			);
			name = Products;
			sourceTree = "<group>";
		};
/* End PBXGroup section */

/* Begin PBXNativeTarget section */
		5BA230632E1FD68100EE5650 /* KyleSynonyms */ = {
			isa = PBXNativeTarget;
			buildConfigurationList = 5BA2308A2E1FD68300EE5650 /* Build configuration list for PBXNativeTarget "KyleSynonyms" */;
			buildPhases = (
				5BA230602E1FD68100EE5650 /* Sources */,
				5BA230612E1FD68100EE5650 /* Frameworks */,
				5BA230622E1FD68100EE5650 /* Resources */,
			);
			buildRules = (
			);
			dependencies = (
			);
			fileSystemSynchronizedGroups = (
				5BA230662E1FD68100EE5650 /* KyleSynonyms */,
			);
			name = KyleSynonyms;
			packageProductDependencies = (
			);
			productName = KyleSynonyms;
			productReference = 5BA230642E1FD68100EE5650 /* KyleSynonyms.app */;
			productType = "com.apple.product-type.application";
		};
		5BA230752E1FD68300EE5650 /* KyleSynonymsTests */ = {
			isa = PBXNativeTarget;
			buildConfigurationList = 5BA2308D2E1FD68300EE5650 /* Build configuration list for PBXNativeTarget "KyleSynonymsTests" */;
			buildPhases = (
				5BA230722E1FD68300EE5650 /* Sources */,
				5BA230732E1FD68300EE5650 /* Frameworks */,
				5BA230742E1FD68300EE5650 /* Resources */,
			);
			buildRules = (
			);
			dependencies = (
				5BA230782E1FD68300EE5650 /* PBXTargetDependency */,
			);
			fileSystemSynchronizedGroups = (
				5BA230792E1FD68300EE5650 /* KyleSynonymsTests */,
			);
			name = KyleSynonymsTests;
			packageProductDependencies = (
			);
			productName = KyleSynonymsTests;
			productReference = 5BA230762E1FD68300EE5650 /* KyleSynonymsTests.xctest */;
			productType = "com.apple.product-type.bundle.unit-test";
		};
		5BA2307F2E1FD68300EE5650 /* KyleSynonymsUITests */ = {
			isa = PBXNativeTarget;
			buildConfigurationList = 5BA230902E1FD68300EE5650 /* Build configuration list for PBXNativeTarget "KyleSynonymsUITests" */;
			buildPhases = (
				5BA2307C2E1FD68300EE5650 /* Sources */,
				5BA2307D2E1FD68300EE5650 /* Frameworks */,
				5BA2307E2E1FD68300EE5650 /* Resources */,
			);
			buildRules = (
			);
			dependencies = (
				5BA230822E1FD68300EE5650 /* PBXTargetDependency */,
			);
			fileSystemSynchronizedGroups = (
				5BA230832E1FD68300EE5650 /* KyleSynonymsUITests */,
			);
			name = KyleSynonymsUITests;
			packageProductDependencies = (
			);
			productName = KyleSynonymsUITests;
			productReference = 5BA230802E1FD68300EE5650 /* KyleSynonymsUITests.xctest */;
			productType = "com.apple.product-type.bundle.ui-testing";
		};
/* End PBXNativeTarget section */

/* Begin PBXProject section */
		5BA2305C2E1FD68100EE5650 /* Project object */ = {
			isa = PBXProject;
			attributes = {
				BuildIndependentTargetsInParallel = 1;
				LastSwiftUpdateCheck = 1640;
				LastUpgradeCheck = 1640;
				TargetAttributes = {
					5BA230632E1FD68100EE5650 = {
						CreatedOnToolsVersion = 16.4;
					};
					5BA230752E1FD68300EE5650 = {
						CreatedOnToolsVersion = 16.4;
						TestTargetID = 5BA230632E1FD68100EE5650;
					};
					5BA2307F2E1FD68300EE5650 = {
						CreatedOnToolsVersion = 16.4;
						TestTargetID = 5BA230632E1FD68100EE5650;
					};
				};
			};
			buildConfigurationList = 5BA2305F2E1FD68100EE5650 /* Build configuration list for PBXProject "KyleSynonyms" */;
			developmentRegion = en;
			hasScannedForEncodings = 0;
			knownRegions = (
				en,
				Base,
			);
			mainGroup = 5BA2305B2E1FD68100EE5650;
			minimizedProjectReferenceProxies = 1;
			preferredProjectObjectVersion = 77;
			productRefGroup = 5BA230652E1FD68100EE5650 /* Products */;
			projectDirPath = "";
			projectRoot = "";
			targets = (
				5BA230632E1FD68100EE5650 /* KyleSynonyms */,
				5BA230752E1FD68300EE5650 /* KyleSynonymsTests */,
				5BA2307F2E1FD68300EE5650 /* KyleSynonymsUITests */,
			);
		};
/* End PBXProject section */

/* Begin PBXResourcesBuildPhase section */
		5BA230622E1FD68100EE5650 /* Resources */ = {
			isa = PBXResourcesBuildPhase;
			buildActionMask = 2147483647;
			files = (
			);
			runOnlyForDeploymentPostprocessing = 0;
		};
		5BA230742E1FD68300EE5650 /* Resources */ = {
			isa = PBXResourcesBuildPhase;
			buildActionMask = 2147483647;
			files = (
			);
			runOnlyForDeploymentPostprocessing = 0;
		};
		5BA2307E2E1FD68300EE5650 /* Resources */ = {
			isa = PBXResourcesBuildPhase;
			buildActionMask = 2147483647;
			files = (
			);
			runOnlyForDeploymentPostprocessing = 0;
		};
/* End PBXResourcesBuildPhase section */

/* Begin PBXSourcesBuildPhase section */
		5BA230602E1FD68100EE5650 /* Sources */ = {
			isa = PBXSourcesBuildPhase;
			buildActionMask = 2147483647;
			files = (
			);
			runOnlyForDeploymentPostprocessing = 0;
		};
		5BA230722E1FD68300EE5650 /* Sources */ = {
			isa = PBXSourcesBuildPhase;
			buildActionMask = 2147483647;
			files = (
			);
			runOnlyForDeploymentPostprocessing = 0;
		};
		5BA2307C2E1FD68300EE5650 /* Sources */ = {
			isa = PBXSourcesBuildPhase;
			buildActionMask = 2147483647;
			files = (
			);
			runOnlyForDeploymentPostprocessing = 0;
		};
/* End PBXSourcesBuildPhase section */

/* Begin PBXTargetDependency section */
		5BA230782E1FD68300EE5650 /* PBXTargetDependency */ = {
			isa = PBXTargetDependency;
			target = 5BA230632E1FD68100EE5650 /* KyleSynonyms */;
			targetProxy = 5BA230772E1FD68300EE5650 /* PBXContainerItemProxy */;
		};
		5BA230822E1FD68300EE5650 /* PBXTargetDependency */ = {
			isa = PBXTargetDependency;
			target = 5BA230632E1FD68100EE5650 /* KyleSynonyms */;
			targetProxy = 5BA230812E1FD68300EE5650 /* PBXContainerItemProxy */;
		};
/* End PBXTargetDependency section */

/* Begin XCBuildConfiguration section */
		5BA230882E1FD68300EE5650 /* Debug */ = {
			isa = XCBuildConfiguration;
			buildSettings = {
				ALWAYS_SEARCH_USER_PATHS = NO;
				ASSETCATALOG_COMPILER_GENERATE_SWIFT_ASSET_SYMBOL_EXTENSIONS = YES;
				CLANG_ANALYZER_NONNULL = YES;
				CLANG_ANALYZER_NUMBER_OBJECT_CONVERSION = YES_AGGRESSIVE;
				CLANG_CXX_LANGUAGE_STANDARD = "gnu++20";
				CLANG_ENABLE_MODULES = YES;
				CLANG_ENABLE_OBJC_ARC = YES;
				CLANG_ENABLE_OBJC_WEAK = YES;
				CLANG_WARN_BLOCK_CAPTURE_AUTORELEASING = YES;
				CLANG_WARN_BOOL_CONVERSION = YES;
				CLANG_WARN_COMMA = YES;
				CLANG_WARN_CONSTANT_CONVERSION = YES;
				CLANG_WARN_DEPRECATED_OBJC_IMPLEMENTATIONS = YES;
				CLANG_WARN_DIRECT_OBJC_ISA_USAGE = YES_ERROR;
				CLANG_WARN_DOCUMENTATION_COMMENTS = YES;
				CLANG_WARN_EMPTY_BODY = YES;
				CLANG_WARN_ENUM_CONVERSION = YES;
				CLANG_WARN_INFINITE_RECURSION = YES;
				CLANG_WARN_INT_CONVERSION = YES;
				CLANG_WARN_NON_LITERAL_NULL_CONVERSION = YES;
				CLANG_WARN_OBJC_IMPLICIT_RETAIN_SELF = YES;
				CLANG_WARN_OBJC_LITERAL_CONVERSION = YES;
				CLANG_WARN_OBJC_ROOT_CLASS = YES_ERROR;
				CLANG_WARN_QUOTED_INCLUDE_IN_FRAMEWORK_HEADER = YES;
				CLANG_WARN_RANGE_LOOP_ANALYSIS = YES;
				CLANG_WARN_STRICT_PROTOTYPES = YES;
				CLANG_WARN_SUSPICIOUS_MOVE = YES;
				CLANG_WARN_UNGUARDED_AVAILABILITY = YES_AGGRESSIVE;
				CLANG_WARN_UNREACHABLE_CODE = YES;
				CLANG_WARN__DUPLICATE_METHOD_MATCH = YES;
				COPY_PHASE_STRIP = NO;
				DEBUG_INFORMATION_FORMAT = dwarf;
				DEVELOPMENT_TEAM = MA3C48PBAR;
				ENABLE_STRICT_OBJC_MSGSEND = YES;
				ENABLE_TESTABILITY = YES;
				ENABLE_USER_SCRIPT_SANDBOXING = YES;
				GCC_C_LANGUAGE_STANDARD = gnu17;
				GCC_DYNAMIC_NO_PIC = NO;
				GCC_NO_COMMON_BLOCKS = YES;
				GCC_OPTIMIZATION_LEVEL = 0;
				GCC_PREPROCESSOR_DEFINITIONS = (
					"DEBUG=1",
					"$(inherited)",
				);
				GCC_WARN_64_TO_32_BIT_CONVERSION = YES;
				GCC_WARN_ABOUT_RETURN_TYPE = YES_ERROR;
				GCC_WARN_UNDECLARED_SELECTOR = YES;
				GCC_WARN_UNINITIALIZED_AUTOS = YES_AGGRESSIVE;
				GCC_WARN_UNUSED_FUNCTION = YES;
				GCC_WARN_UNUSED_VARIABLE = YES;
				IPHONEOS_DEPLOYMENT_TARGET = 18.5;
				LOCALIZATION_PREFERS_STRING_CATALOGS = YES;
				MTL_ENABLE_DEBUG_INFO = INCLUDE_SOURCE;
				MTL_FAST_MATH = YES;
				ONLY_ACTIVE_ARCH = YES;
				SDKROOT = iphoneos;
				SWIFT_ACTIVE_COMPILATION_CONDITIONS = "DEBUG $(inherited)";
				SWIFT_OPTIMIZATION_LEVEL = "-Onone";
			};
			name = Debug;
		};
		5BA230892E1FD68300EE5650 /* Release */ = {
			isa = XCBuildConfiguration;
			buildSettings = {
				ALWAYS_SEARCH_USER_PATHS = NO;
				ASSETCATALOG_COMPILER_GENERATE_SWIFT_ASSET_SYMBOL_EXTENSIONS = YES;
				CLANG_ANALYZER_NONNULL = YES;
				CLANG_ANALYZER_NUMBER_OBJECT_CONVERSION = YES_AGGRESSIVE;
				CLANG_CXX_LANGUAGE_STANDARD = "gnu++20";
				CLANG_ENABLE_MODULES = YES;
				CLANG_ENABLE_OBJC_ARC = YES;
				CLANG_ENABLE_OBJC_WEAK = YES;
				CLANG_WARN_BLOCK_CAPTURE_AUTORELEASING = YES;
				CLANG_WARN_BOOL_CONVERSION = YES;
				CLANG_WARN_COMMA = YES;
				CLANG_WARN_CONSTANT_CONVERSION = YES;
				CLANG_WARN_DEPRECATED_OBJC_IMPLEMENTATIONS = YES;
				CLANG_WARN_DIRECT_OBJC_ISA_USAGE = YES_ERROR;
				CLANG_WARN_DOCUMENTATION_COMMENTS = YES;
				CLANG_WARN_EMPTY_BODY = YES;
				CLANG_WARN_ENUM_CONVERSION = YES;
				CLANG_WARN_INFINITE_RECURSION = YES;
				CLANG_WARN_INT_CONVERSION = YES;
				CLANG_WARN_NON_LITERAL_NULL_CONVERSION = YES;
				CLANG_WARN_OBJC_IMPLICIT_RETAIN_SELF = YES;
				CLANG_WARN_OBJC_LITERAL_CONVERSION = YES;
				CLANG_WARN_OBJC_ROOT_CLASS = YES_ERROR;
				CLANG_WARN_QUOTED_INCLUDE_IN_FRAMEWORK_HEADER = YES;
				CLANG_WARN_RANGE_LOOP_ANALYSIS = YES;
				CLANG_WARN_STRICT_PROTOTYPES = YES;
				CLANG_WARN_SUSPICIOUS_MOVE = YES;
				CLANG_WARN_UNGUARDED_AVAILABILITY = YES_AGGRESSIVE;
				CLANG_WARN_UNREACHABLE_CODE = YES;
				CLANG_WARN__DUPLICATE_METHOD_MATCH = YES;
				COPY_PHASE_STRIP = NO;
				DEBUG_INFORMATION_FORMAT = "dwarf-with-dsym";
				DEVELOPMENT_TEAM = MA3C48PBAR;
				ENABLE_NS_ASSERTIONS = NO;
				ENABLE_STRICT_OBJC_MSGSEND = YES;
				ENABLE_USER_SCRIPT_SANDBOXING = YES;
				GCC_C_LANGUAGE_STANDARD = gnu17;
				GCC_NO_COMMON_BLOCKS = YES;
				GCC_WARN_64_TO_32_BIT_CONVERSION = YES;
				GCC_WARN_ABOUT_RETURN_TYPE = YES_ERROR;
				GCC_WARN_UNDECLARED_SELECTOR = YES;
				GCC_WARN_UNINITIALIZED_AUTOS = YES_AGGRESSIVE;
				GCC_WARN_UNUSED_FUNCTION = YES;
				GCC_WARN_UNUSED_VARIABLE = YES;
				IPHONEOS_DEPLOYMENT_TARGET = 18.5;
				LOCALIZATION_PREFERS_STRING_CATALOGS = YES;
				MTL_ENABLE_DEBUG_INFO = NO;
				MTL_FAST_MATH = YES;
				SDKROOT = iphoneos;
				SWIFT_COMPILATION_MODE = wholemodule;
				VALIDATE_PRODUCT = YES;
			};
			name = Release;
		};
		5BA2308B2E1FD68300EE5650 /* Debug */ = {
			isa = XCBuildConfiguration;
			buildSettings = {
				ASSETCATALOG_COMPILER_APPICON_NAME = AppIcon;
				ASSETCATALOG_COMPILER_GLOBAL_ACCENT_COLOR_NAME = AccentColor;
				CODE_SIGN_STYLE = Automatic;
				CURRENT_PROJECT_VERSION = 1;
				DEVELOPMENT_TEAM = MA3C48PBAR;
				ENABLE_PREVIEWS = YES;
				GENERATE_INFOPLIST_FILE = YES;
				INFOPLIST_KEY_UIApplicationSceneManifest_Generation = YES;
				INFOPLIST_KEY_UIApplicationSupportsIndirectInputEvents = YES;
				INFOPLIST_KEY_UILaunchScreen_Generation = YES;
				INFOPLIST_KEY_UISupportedInterfaceOrientations_iPad = "UIInterfaceOrientationPortrait UIInterfaceOrientationPortraitUpsideDown UIInterfaceOrientationLandscapeLeft UIInterfaceOrientationLandscapeRight";
				INFOPLIST_KEY_UISupportedInterfaceOrientations_iPhone = "UIInterfaceOrientationPortrait UIInterfaceOrientationLandscapeLeft UIInterfaceOrientationLandscapeRight";
				LD_RUNPATH_SEARCH_PATHS = (
					"$(inherited)",
					"@executable_path/Frameworks",
				);
				MARKETING_VERSION = 1.0;
				PRODUCT_BUNDLE_IDENTIFIER = sjun.KyleSynonyms;
				PRODUCT_NAME = "$(TARGET_NAME)";
				SWIFT_EMIT_LOC_STRINGS = YES;
				SWIFT_VERSION = 5.0;
				TARGETED_DEVICE_FAMILY = "1,2";
			};
			name = Debug;
		};
		5BA2308C2E1FD68300EE5650 /* Release */ = {
			isa = XCBuildConfiguration;
			buildSettings = {
				ASSETCATALOG_COMPILER_APPICON_NAME = AppIcon;
				ASSETCATALOG_COMPILER_GLOBAL_ACCENT_COLOR_NAME = AccentColor;
				CODE_SIGN_STYLE = Automatic;
				CURRENT_PROJECT_VERSION = 1;
				DEVELOPMENT_TEAM = MA3C48PBAR;
				ENABLE_PREVIEWS = YES;
				GENERATE_INFOPLIST_FILE = YES;
				INFOPLIST_KEY_UIApplicationSceneManifest_Generation = YES;
				INFOPLIST_KEY_UIApplicationSupportsIndirectInputEvents = YES;
				INFOPLIST_KEY_UILaunchScreen_Generation = YES;
				INFOPLIST_KEY_UISupportedInterfaceOrientations_iPad = "UIInterfaceOrientationPortrait UIInterfaceOrientationPortraitUpsideDown UIInterfaceOrientationLandscapeLeft UIInterfaceOrientationLandscapeRight";
				INFOPLIST_KEY_UISupportedInterfaceOrientations_iPhone = "UIInterfaceOrientationPortrait UIInterfaceOrientationLandscapeLeft UIInterfaceOrientationLandscapeRight";
				LD_RUNPATH_SEARCH_PATHS = (
					"$(inherited)",
					"@executable_path/Frameworks",
				);
				MARKETING_VERSION = 1.0;
				PRODUCT_BUNDLE_IDENTIFIER = sjun.KyleSynonyms;
				PRODUCT_NAME = "$(TARGET_NAME)";
				SWIFT_EMIT_LOC_STRINGS = YES;
				SWIFT_VERSION = 5.0;
				TARGETED_DEVICE_FAMILY = "1,2";
			};
			name = Release;
		};
		5BA2308E2E1FD68300EE5650 /* Debug */ = {
			isa = XCBuildConfiguration;
			buildSettings = {
				BUNDLE_LOADER = "$(TEST_HOST)";
				CODE_SIGN_STYLE = Automatic;
				CURRENT_PROJECT_VERSION = 1;
				DEVELOPMENT_TEAM = MA3C48PBAR;
				GENERATE_INFOPLIST_FILE = YES;
				IPHONEOS_DEPLOYMENT_TARGET = 18.5;
				MARKETING_VERSION = 1.0;
				PRODUCT_BUNDLE_IDENTIFIER = sjun.KyleSynonymsTests;
				PRODUCT_NAME = "$(TARGET_NAME)";
				SWIFT_EMIT_LOC_STRINGS = NO;
				SWIFT_VERSION = 5.0;
				TARGETED_DEVICE_FAMILY = "1,2";
				TEST_HOST = "$(BUILT_PRODUCTS_DIR)/KyleSynonyms.app/$(BUNDLE_EXECUTABLE_FOLDER_PATH)/KyleSynonyms";
			};
			name = Debug;
		};
		5BA2308F2E1FD68300EE5650 /* Release */ = {
			isa = XCBuildConfiguration;
			buildSettings = {
				BUNDLE_LOADER = "$(TEST_HOST)";
				CODE_SIGN_STYLE = Automatic;
				CURRENT_PROJECT_VERSION = 1;
				DEVELOPMENT_TEAM = MA3C48PBAR;
				GENERATE_INFOPLIST_FILE = YES;
				IPHONEOS_DEPLOYMENT_TARGET = 18.5;
				MARKETING_VERSION = 1.0;
				PRODUCT_BUNDLE_IDENTIFIER = sjun.KyleSynonymsTests;
				PRODUCT_NAME = "$(TARGET_NAME)";
				SWIFT_EMIT_LOC_STRINGS = NO;
				SWIFT_VERSION = 5.0;
				TARGETED_DEVICE_FAMILY = "1,2";
				TEST_HOST = "$(BUILT_PRODUCTS_DIR)/KyleSynonyms.app/$(BUNDLE_EXECUTABLE_FOLDER_PATH)/KyleSynonyms";
			};
			name = Release;
		};
		5BA230912E1FD68300EE5650 /* Debug */ = {
			isa = XCBuildConfiguration;
			buildSettings = {
				CODE_SIGN_STYLE = Automatic;
				CURRENT_PROJECT_VERSION = 1;
				DEVELOPMENT_TEAM = MA3C48PBAR;
				GENERATE_INFOPLIST_FILE = YES;
				MARKETING_VERSION = 1.0;
				PRODUCT_BUNDLE_IDENTIFIER = sjun.KyleSynonymsUITests;
				PRODUCT_NAME = "$(TARGET_NAME)";
				SWIFT_EMIT_LOC_STRINGS = NO;
				SWIFT_VERSION = 5.0;
				TARGETED_DEVICE_FAMILY = "1,2";
				TEST_TARGET_NAME = KyleSynonyms;
			};
			name = Debug;
		};
		5BA230922E1FD68300EE5650 /* Release */ = {
			isa = XCBuildConfiguration;
			buildSettings = {
				CODE_SIGN_STYLE = Automatic;
				CURRENT_PROJECT_VERSION = 1;
				DEVELOPMENT_TEAM = MA3C48PBAR;
				GENERATE_INFOPLIST_FILE = YES;
				MARKETING_VERSION = 1.0;
				PRODUCT_BUNDLE_IDENTIFIER = sjun.KyleSynonymsUITests;
				PRODUCT_NAME = "$(TARGET_NAME)";
				SWIFT_EMIT_LOC_STRINGS = NO;
				SWIFT_VERSION = 5.0;
				TARGETED_DEVICE_FAMILY = "1,2";
				TEST_TARGET_NAME = KyleSynonyms;
			};
			name = Release;
		};
/* End XCBuildConfiguration section */

/* Begin XCConfigurationList section */
		5BA2305F2E1FD68100EE5650 /* Build configuration list for PBXProject "KyleSynonyms" */ = {
			isa = XCConfigurationList;
			buildConfigurations = (
				5BA230882E1FD68300EE5650 /* Debug */,
				5BA230892E1FD68300EE5650 /* Release */,
			);
			defaultConfigurationIsVisible = 0;
			defaultConfigurationName = Release;
		};
		5BA2308A2E1FD68300EE5650 /* Build configuration list for PBXNativeTarget "KyleSynonyms" */ = {
			isa = XCConfigurationList;
			buildConfigurations = (
				5BA2308B2E1FD68300EE5650 /* Debug */,
				5BA2308C2E1FD68300EE5650 /* Release */,
			);
			defaultConfigurationIsVisible = 0;
			defaultConfigurationName = Release;
		};
		5BA2308D2E1FD68300EE5650 /* Build configuration list for PBXNativeTarget "KyleSynonymsTests" */ = {
			isa = XCConfigurationList;
			buildConfigurations = (
				5BA2308E2E1FD68300EE5650 /* Debug */,
				5BA2308F2E1FD68300EE5650 /* Release */,
			);
			defaultConfigurationIsVisible = 0;
			defaultConfigurationName = Release;
		};
		5BA230902E1FD68300EE5650 /* Build configuration list for PBXNativeTarget "KyleSynonymsUITests" */ = {
			isa = XCConfigurationList;
			buildConfigurations = (
				5BA230912E1FD68300EE5650 /* Debug */,
				5BA230922E1FD68300EE5650 /* Release */,
			);
			defaultConfigurationIsVisible = 0;
			defaultConfigurationName = Release;
		};
/* End XCConfigurationList section */
	};
	rootObject = 5BA2305C2E1FD68100EE5650 /* Project object */;
}
