// !$*UTF8*$!
{
	archiveVersion = 1;
	classes = {
	};
	objectVersion = 77;
	objects = {

/* Begin PBXContainerItemProxy section */
		5B245F742E16EC97006D339A /* PBXContainerItemProxy */ = {
			isa = PBXContainerItemProxy;
			containerPortal = 5B245F592E16EC94006D339A /* Project object */;
			proxyType = 1;
			remoteGlobalIDString = 5B245F602E16EC94006D339A;
			remoteInfo = "UI references";
		};
		5B245F7E2E16EC97006D339A /* PBXContainerItemProxy */ = {
			isa = PBXContainerItemProxy;
			containerPortal = 5B245F592E16EC94006D339A /* Project object */;
			proxyType = 1;
			remoteGlobalIDString = 5B245F602E16EC94006D339A;
			remoteInfo = "UI references";
		};
/* End PBXContainerItemProxy section */

/* Begin PBXFileReference section */
		5B245F612E16EC94006D339A /* UI references.app */ = {isa = PBXFileReference; explicitFileType = wrapper.application; includeInIndex = 0; path = "UI references.app"; sourceTree = BUILT_PRODUCTS_DIR; };
		5B245F732E16EC97006D339A /* UI referencesTests.xctest */ = {isa = PBXFileReference; explicitFileType = wrapper.cfbundle; includeInIndex = 0; path = "UI referencesTests.xctest"; sourceTree = BUILT_PRODUCTS_DIR; };
		5B245F7D2E16EC97006D339A /* UI referencesUITests.xctest */ = {isa = PBXFileReference; explicitFileType = wrapper.cfbundle; includeInIndex = 0; path = "UI referencesUITests.xctest"; sourceTree = BUILT_PRODUCTS_DIR; };
/* End PBXFileReference section */

/* Begin PBXFileSystemSynchronizedRootGroup section */
		5B245F632E16EC94006D339A /* UI references */ = {
			isa = PBXFileSystemSynchronizedRootGroup;
			path = "UI references";
			sourceTree = "<group>";
		};
		5B245F762E16EC97006D339A /* UI referencesTests */ = {
			isa = PBXFileSystemSynchronizedRootGroup;
			path = "UI referencesTests";
			sourceTree = "<group>";
		};
		5B245F802E16EC97006D339A /* UI referencesUITests */ = {
			isa = PBXFileSystemSynchronizedRootGroup;
			path = "UI referencesUITests";
			sourceTree = "<group>";
		};
		5B245FA12E16ED3C006D339A /* Views */ = {
			isa = PBXFileSystemSynchronizedRootGroup;
			path = Views;
			sourceTree = "<group>";
		};
		5B245FA32E16ED4D006D339A /* Motions */ = {
			isa = PBXFileSystemSynchronizedRootGroup;
			path = Motions;
			sourceTree = "<group>";
		};
/* End PBXFileSystemSynchronizedRootGroup section */

/* Begin PBXFrameworksBuildPhase section */
		5B245F5E2E16EC94006D339A /* Frameworks */ = {
			isa = PBXFrameworksBuildPhase;
			buildActionMask = 2147483647;
			files = (
			);
			runOnlyForDeploymentPostprocessing = 0;
		};
		5B245F702E16EC97006D339A /* Frameworks */ = {
			isa = PBXFrameworksBuildPhase;
			buildActionMask = 2147483647;
			files = (
			);
			runOnlyForDeploymentPostprocessing = 0;
		};
		5B245F7A2E16EC97006D339A /* Frameworks */ = {
			isa = PBXFrameworksBuildPhase;
			buildActionMask = 2147483647;
			files = (
			);
			runOnlyForDeploymentPostprocessing = 0;
		};
/* End PBXFrameworksBuildPhase section */

/* Begin PBXGroup section */
		5B245F582E16EC94006D339A = {
			isa = PBXGroup;
			children = (
				5B245F632E16EC94006D339A /* UI references */,
				5B245F762E16EC97006D339A /* UI referencesTests */,
				5B245F802E16EC97006D339A /* UI referencesUITests */,
				5B245F622E16EC94006D339A /* Products */,
				5B245FA32E16ED4D006D339A /* Motions */,
				5B245FA12E16ED3C006D339A /* Views */,
			);
			sourceTree = "<group>";
		};
		5B245F622E16EC94006D339A /* Products */ = {
			isa = PBXGroup;
			children = (
				5B245F612E16EC94006D339A /* UI references.app */,
				5B245F732E16EC97006D339A /* UI referencesTests.xctest */,
				5B245F7D2E16EC97006D339A /* UI referencesUITests.xctest */,
			);
			name = Products;
			sourceTree = "<group>";
		};
/* End PBXGroup section */

/* Begin PBXNativeTarget section */
		5B245F602E16EC94006D339A /* UI references */ = {
			isa = PBXNativeTarget;
			buildConfigurationList = 5B245F872E16EC97006D339A /* Build configuration list for PBXNativeTarget "UI references" */;
			buildPhases = (
				5B245F5D2E16EC94006D339A /* Sources */,
				5B245F5E2E16EC94006D339A /* Frameworks */,
				5B245F5F2E16EC94006D339A /* Resources */,
			);
			buildRules = (
			);
			dependencies = (
			);
			fileSystemSynchronizedGroups = (
				5B245F632E16EC94006D339A /* UI references */,
				5B245FA12E16ED3C006D339A /* Views */,
				5B245FA32E16ED4D006D339A /* Motions */,
			);
			name = "UI references";
			packageProductDependencies = (
			);
			productName = "UI references";
			productReference = 5B245F612E16EC94006D339A /* UI references.app */;
			productType = "com.apple.product-type.application";
		};
		5B245F722E16EC97006D339A /* UI referencesTests */ = {
			isa = PBXNativeTarget;
			buildConfigurationList = 5B245F8A2E16EC97006D339A /* Build configuration list for PBXNativeTarget "UI referencesTests" */;
			buildPhases = (
				5B245F6F2E16EC97006D339A /* Sources */,
				5B245F702E16EC97006D339A /* Frameworks */,
				5B245F712E16EC97006D339A /* Resources */,
			);
			buildRules = (
			);
			dependencies = (
				5B245F752E16EC97006D339A /* PBXTargetDependency */,
			);
			fileSystemSynchronizedGroups = (
				5B245F762E16EC97006D339A /* UI referencesTests */,
			);
			name = "UI referencesTests";
			packageProductDependencies = (
			);
			productName = "UI referencesTests";
			productReference = 5B245F732E16EC97006D339A /* UI referencesTests.xctest */;
			productType = "com.apple.product-type.bundle.unit-test";
		};
		5B245F7C2E16EC97006D339A /* UI referencesUITests */ = {
			isa = PBXNativeTarget;
			buildConfigurationList = 5B245F8D2E16EC97006D339A /* Build configuration list for PBXNativeTarget "UI referencesUITests" */;
			buildPhases = (
				5B245F792E16EC97006D339A /* Sources */,
				5B245F7A2E16EC97006D339A /* Frameworks */,
				5B245F7B2E16EC97006D339A /* Resources */,
			);
			buildRules = (
			);
			dependencies = (
				5B245F7F2E16EC97006D339A /* PBXTargetDependency */,
			);
			fileSystemSynchronizedGroups = (
				5B245F802E16EC97006D339A /* UI referencesUITests */,
			);
			name = "UI referencesUITests";
			packageProductDependencies = (
			);
			productName = "UI referencesUITests";
			productReference = 5B245F7D2E16EC97006D339A /* UI referencesUITests.xctest */;
			productType = "com.apple.product-type.bundle.ui-testing";
		};
/* End PBXNativeTarget section */

/* Begin PBXProject section */
		5B245F592E16EC94006D339A /* Project object */ = {
			isa = PBXProject;
			attributes = {
				BuildIndependentTargetsInParallel = 1;
				LastSwiftUpdateCheck = 1640;
				LastUpgradeCheck = 1640;
				TargetAttributes = {
					5B245F602E16EC94006D339A = {
						CreatedOnToolsVersion = 16.4;
					};
					5B245F722E16EC97006D339A = {
						CreatedOnToolsVersion = 16.4;
						TestTargetID = 5B245F602E16EC94006D339A;
					};
					5B245F7C2E16EC97006D339A = {
						CreatedOnToolsVersion = 16.4;
						TestTargetID = 5B245F602E16EC94006D339A;
					};
				};
			};
			buildConfigurationList = 5B245F5C2E16EC94006D339A /* Build configuration list for PBXProject "UI references" */;
			developmentRegion = en;
			hasScannedForEncodings = 0;
			knownRegions = (
				en,
				Base,
			);
			mainGroup = 5B245F582E16EC94006D339A;
			minimizedProjectReferenceProxies = 1;
			preferredProjectObjectVersion = 77;
			productRefGroup = 5B245F622E16EC94006D339A /* Products */;
			projectDirPath = "";
			projectRoot = "";
			targets = (
				5B245F602E16EC94006D339A /* UI references */,
				5B245F722E16EC97006D339A /* UI referencesTests */,
				5B245F7C2E16EC97006D339A /* UI referencesUITests */,
			);
		};
/* End PBXProject section */

/* Begin PBXResourcesBuildPhase section */
		5B245F5F2E16EC94006D339A /* Resources */ = {
			isa = PBXResourcesBuildPhase;
			buildActionMask = 2147483647;
			files = (
			);
			runOnlyForDeploymentPostprocessing = 0;
		};
		5B245F712E16EC97006D339A /* Resources */ = {
			isa = PBXResourcesBuildPhase;
			buildActionMask = 2147483647;
			files = (
			);
			runOnlyForDeploymentPostprocessing = 0;
		};
		5B245F7B2E16EC97006D339A /* Resources */ = {
			isa = PBXResourcesBuildPhase;
			buildActionMask = 2147483647;
			files = (
			);
			runOnlyForDeploymentPostprocessing = 0;
		};
/* End PBXResourcesBuildPhase section */

/* Begin PBXSourcesBuildPhase section */
		5B245F5D2E16EC94006D339A /* Sources */ = {
			isa = PBXSourcesBuildPhase;
			buildActionMask = 2147483647;
			files = (
			);
			runOnlyForDeploymentPostprocessing = 0;
		};
		5B245F6F2E16EC97006D339A /* Sources */ = {
			isa = PBXSourcesBuildPhase;
			buildActionMask = 2147483647;
			files = (
			);
			runOnlyForDeploymentPostprocessing = 0;
		};
		5B245F792E16EC97006D339A /* Sources */ = {
			isa = PBXSourcesBuildPhase;
			buildActionMask = 2147483647;
			files = (
			);
			runOnlyForDeploymentPostprocessing = 0;
		};
/* End PBXSourcesBuildPhase section */

/* Begin PBXTargetDependency section */
		5B245F752E16EC97006D339A /* PBXTargetDependency */ = {
			isa = PBXTargetDependency;
			target = 5B245F602E16EC94006D339A /* UI references */;
			targetProxy = 5B245F742E16EC97006D339A /* PBXContainerItemProxy */;
		};
		5B245F7F2E16EC97006D339A /* PBXTargetDependency */ = {
			isa = PBXTargetDependency;
			target = 5B245F602E16EC94006D339A /* UI references */;
			targetProxy = 5B245F7E2E16EC97006D339A /* PBXContainerItemProxy */;
		};
/* End PBXTargetDependency section */

/* Begin XCBuildConfiguration section */
		5B245F852E16EC97006D339A /* Debug */ = {
			isa = XCBuildConfiguration;
			buildSettings = {
				ALWAYS_SEARCH_USER_PATHS = NO;
				ASSETCATALOG_COMPILER_GENERATE_SWIFT_ASSET_SYMBOL_EXTENSIONS = YES;
				CLANG_ANALYZER_NONNULL = YES;
				CLANG_ANALYZER_NUMBER_OBJECT_CONVERSION = YES_AGGRESSIVE;
				CLANG_CXX_LANGUAGE_STANDARD = "gnu++20";
				CLANG_ENABLE_MODULES = YES;
				CLANG_ENABLE_OBJC_ARC = YES;
				CLANG_ENABLE_OBJC_WEAK = YES;
				CLANG_WARN_BLOCK_CAPTURE_AUTORELEASING = YES;
				CLANG_WARN_BOOL_CONVERSION = YES;
				CLANG_WARN_COMMA = YES;
				CLANG_WARN_CONSTANT_CONVERSION = YES;
				CLANG_WARN_DEPRECATED_OBJC_IMPLEMENTATIONS = YES;
				CLANG_WARN_DIRECT_OBJC_ISA_USAGE = YES_ERROR;
				CLANG_WARN_DOCUMENTATION_COMMENTS = YES;
				CLANG_WARN_EMPTY_BODY = YES;
				CLANG_WARN_ENUM_CONVERSION = YES;
				CLANG_WARN_INFINITE_RECURSION = YES;
				CLANG_WARN_INT_CONVERSION = YES;
				CLANG_WARN_NON_LITERAL_NULL_CONVERSION = YES;
				CLANG_WARN_OBJC_IMPLICIT_RETAIN_SELF = YES;
				CLANG_WARN_OBJC_LITERAL_CONVERSION = YES;
				CLANG_WARN_OBJC_ROOT_CLASS = YES_ERROR;
				CLANG_WARN_QUOTED_INCLUDE_IN_FRAMEWORK_HEADER = YES;
				CLANG_WARN_RANGE_LOOP_ANALYSIS = YES;
				CLANG_WARN_STRICT_PROTOTYPES = YES;
				CLANG_WARN_SUSPICIOUS_MOVE = YES;
				CLANG_WARN_UNGUARDED_AVAILABILITY = YES_AGGRESSIVE;
				CLANG_WARN_UNREACHABLE_CODE = YES;
				CLANG_WARN__DUPLICATE_METHOD_MATCH = YES;
				COPY_PHASE_STRIP = NO;
				DEBUG_INFORMATION_FORMAT = dwarf;
				DEVELOPMENT_TEAM = MA3C48PBAR;
				ENABLE_STRICT_OBJC_MSGSEND = YES;
				ENABLE_TESTABILITY = YES;
				ENABLE_USER_SCRIPT_SANDBOXING = YES;
				GCC_C_LANGUAGE_STANDARD = gnu17;
				GCC_DYNAMIC_NO_PIC = NO;
				GCC_NO_COMMON_BLOCKS = YES;
				GCC_OPTIMIZATION_LEVEL = 0;
				GCC_PREPROCESSOR_DEFINITIONS = (
					"DEBUG=1",
					"$(inherited)",
				);
				GCC_WARN_64_TO_32_BIT_CONVERSION = YES;
				GCC_WARN_ABOUT_RETURN_TYPE = YES_ERROR;
				GCC_WARN_UNDECLARED_SELECTOR = YES;
				GCC_WARN_UNINITIALIZED_AUTOS = YES_AGGRESSIVE;
				GCC_WARN_UNUSED_FUNCTION = YES;
				GCC_WARN_UNUSED_VARIABLE = YES;
				IPHONEOS_DEPLOYMENT_TARGET = 18.5;
				LOCALIZATION_PREFERS_STRING_CATALOGS = YES;
				MTL_ENABLE_DEBUG_INFO = INCLUDE_SOURCE;
				MTL_FAST_MATH = YES;
				ONLY_ACTIVE_ARCH = YES;
				SDKROOT = iphoneos;
				SWIFT_ACTIVE_COMPILATION_CONDITIONS = "DEBUG $(inherited)";
				SWIFT_OPTIMIZATION_LEVEL = "-Onone";
			};
			name = Debug;
		};
		5B245F862E16EC97006D339A /* Release */ = {
			isa = XCBuildConfiguration;
			buildSettings = {
				ALWAYS_SEARCH_USER_PATHS = NO;
				ASSETCATALOG_COMPILER_GENERATE_SWIFT_ASSET_SYMBOL_EXTENSIONS = YES;
				CLANG_ANALYZER_NONNULL = YES;
				CLANG_ANALYZER_NUMBER_OBJECT_CONVERSION = YES_AGGRESSIVE;
				CLANG_CXX_LANGUAGE_STANDARD = "gnu++20";
				CLANG_ENABLE_MODULES = YES;
				CLANG_ENABLE_OBJC_ARC = YES;
				CLANG_ENABLE_OBJC_WEAK = YES;
				CLANG_WARN_BLOCK_CAPTURE_AUTORELEASING = YES;
				CLANG_WARN_BOOL_CONVERSION = YES;
				CLANG_WARN_COMMA = YES;
				CLANG_WARN_CONSTANT_CONVERSION = YES;
				CLANG_WARN_DEPRECATED_OBJC_IMPLEMENTATIONS = YES;
				CLANG_WARN_DIRECT_OBJC_ISA_USAGE = YES_ERROR;
				CLANG_WARN_DOCUMENTATION_COMMENTS = YES;
				CLANG_WARN_EMPTY_BODY = YES;
				CLANG_WARN_ENUM_CONVERSION = YES;
				CLANG_WARN_INFINITE_RECURSION = YES;
				CLANG_WARN_INT_CONVERSION = YES;
				CLANG_WARN_NON_LITERAL_NULL_CONVERSION = YES;
				CLANG_WARN_OBJC_IMPLICIT_RETAIN_SELF = YES;
				CLANG_WARN_OBJC_LITERAL_CONVERSION = YES;
				CLANG_WARN_OBJC_ROOT_CLASS = YES_ERROR;
				CLANG_WARN_QUOTED_INCLUDE_IN_FRAMEWORK_HEADER = YES;
				CLANG_WARN_RANGE_LOOP_ANALYSIS = YES;
				CLANG_WARN_STRICT_PROTOTYPES = YES;
				CLANG_WARN_SUSPICIOUS_MOVE = YES;
				CLANG_WARN_UNGUARDED_AVAILABILITY = YES_AGGRESSIVE;
				CLANG_WARN_UNREACHABLE_CODE = YES;
				CLANG_WARN__DUPLICATE_METHOD_MATCH = YES;
				COPY_PHASE_STRIP = NO;
				DEBUG_INFORMATION_FORMAT = "dwarf-with-dsym";
				DEVELOPMENT_TEAM = MA3C48PBAR;
				ENABLE_NS_ASSERTIONS = NO;
				ENABLE_STRICT_OBJC_MSGSEND = YES;
				ENABLE_USER_SCRIPT_SANDBOXING = YES;
				GCC_C_LANGUAGE_STANDARD = gnu17;
				GCC_NO_COMMON_BLOCKS = YES;
				GCC_WARN_64_TO_32_BIT_CONVERSION = YES;
				GCC_WARN_ABOUT_RETURN_TYPE = YES_ERROR;
				GCC_WARN_UNDECLARED_SELECTOR = YES;
				GCC_WARN_UNINITIALIZED_AUTOS = YES_AGGRESSIVE;
				GCC_WARN_UNUSED_FUNCTION = YES;
				GCC_WARN_UNUSED_VARIABLE = YES;
				IPHONEOS_DEPLOYMENT_TARGET = 18.5;
				LOCALIZATION_PREFERS_STRING_CATALOGS = YES;
				MTL_ENABLE_DEBUG_INFO = NO;
				MTL_FAST_MATH = YES;
				SDKROOT = iphoneos;
				SWIFT_COMPILATION_MODE = wholemodule;
				VALIDATE_PRODUCT = YES;
			};
			name = Release;
		};
		5B245F882E16EC97006D339A /* Debug */ = {
			isa = XCBuildConfiguration;
			buildSettings = {
				ASSETCATALOG_COMPILER_APPICON_NAME = AppIcon;
				ASSETCATALOG_COMPILER_GLOBAL_ACCENT_COLOR_NAME = AccentColor;
				CODE_SIGN_STYLE = Automatic;
				CURRENT_PROJECT_VERSION = 1;
				DEVELOPMENT_TEAM = MA3C48PBAR;
				ENABLE_PREVIEWS = YES;
				GENERATE_INFOPLIST_FILE = YES;
				INFOPLIST_KEY_UIApplicationSceneManifest_Generation = YES;
				INFOPLIST_KEY_UIApplicationSupportsIndirectInputEvents = YES;
				INFOPLIST_KEY_UILaunchScreen_Generation = YES;
				INFOPLIST_KEY_UISupportedInterfaceOrientations_iPad = "UIInterfaceOrientationPortrait UIInterfaceOrientationPortraitUpsideDown UIInterfaceOrientationLandscapeLeft UIInterfaceOrientationLandscapeRight";
				INFOPLIST_KEY_UISupportedInterfaceOrientations_iPhone = "UIInterfaceOrientationPortrait UIInterfaceOrientationLandscapeLeft UIInterfaceOrientationLandscapeRight";
				LD_RUNPATH_SEARCH_PATHS = (
					"$(inherited)",
					"@executable_path/Frameworks",
				);
				MARKETING_VERSION = 1.0;
				PRODUCT_BUNDLE_IDENTIFIER = "sjun.UI-references";
				PRODUCT_NAME = "$(TARGET_NAME)";
				SWIFT_EMIT_LOC_STRINGS = YES;
				SWIFT_VERSION = 5.0;
				TARGETED_DEVICE_FAMILY = "1,2";
			};
			name = Debug;
		};
		5B245F892E16EC97006D339A /* Release */ = {
			isa = XCBuildConfiguration;
			buildSettings = {
				ASSETCATALOG_COMPILER_APPICON_NAME = AppIcon;
				ASSETCATALOG_COMPILER_GLOBAL_ACCENT_COLOR_NAME = AccentColor;
				CODE_SIGN_STYLE = Automatic;
				CURRENT_PROJECT_VERSION = 1;
				DEVELOPMENT_TEAM = MA3C48PBAR;
				ENABLE_PREVIEWS = YES;
				GENERATE_INFOPLIST_FILE = YES;
				INFOPLIST_KEY_UIApplicationSceneManifest_Generation = YES;
				INFOPLIST_KEY_UIApplicationSupportsIndirectInputEvents = YES;
				INFOPLIST_KEY_UILaunchScreen_Generation = YES;
				INFOPLIST_KEY_UISupportedInterfaceOrientations_iPad = "UIInterfaceOrientationPortrait UIInterfaceOrientationPortraitUpsideDown UIInterfaceOrientationLandscapeLeft UIInterfaceOrientationLandscapeRight";
				INFOPLIST_KEY_UISupportedInterfaceOrientations_iPhone = "UIInterfaceOrientationPortrait UIInterfaceOrientationLandscapeLeft UIInterfaceOrientationLandscapeRight";
				LD_RUNPATH_SEARCH_PATHS = (
					"$(inherited)",
					"@executable_path/Frameworks",
				);
				MARKETING_VERSION = 1.0;
				PRODUCT_BUNDLE_IDENTIFIER = "sjun.UI-references";
				PRODUCT_NAME = "$(TARGET_NAME)";
				SWIFT_EMIT_LOC_STRINGS = YES;
				SWIFT_VERSION = 5.0;
				TARGETED_DEVICE_FAMILY = "1,2";
			};
			name = Release;
		};
		5B245F8B2E16EC97006D339A /* Debug */ = {
			isa = XCBuildConfiguration;
			buildSettings = {
				BUNDLE_LOADER = "$(TEST_HOST)";
				CODE_SIGN_STYLE = Automatic;
				CURRENT_PROJECT_VERSION = 1;
				DEVELOPMENT_TEAM = MA3C48PBAR;
				GENERATE_INFOPLIST_FILE = YES;
				IPHONEOS_DEPLOYMENT_TARGET = 18.5;
				MARKETING_VERSION = 1.0;
				PRODUCT_BUNDLE_IDENTIFIER = "sjun.UI-referencesTests";
				PRODUCT_NAME = "$(TARGET_NAME)";
				SWIFT_EMIT_LOC_STRINGS = NO;
				SWIFT_VERSION = 5.0;
				TARGETED_DEVICE_FAMILY = "1,2";
				TEST_HOST = "$(BUILT_PRODUCTS_DIR)/UI references.app/$(BUNDLE_EXECUTABLE_FOLDER_PATH)/UI references";
			};
			name = Debug;
		};
		5B245F8C2E16EC97006D339A /* Release */ = {
			isa = XCBuildConfiguration;
			buildSettings = {
				BUNDLE_LOADER = "$(TEST_HOST)";
				CODE_SIGN_STYLE = Automatic;
				CURRENT_PROJECT_VERSION = 1;
				DEVELOPMENT_TEAM = MA3C48PBAR;
				GENERATE_INFOPLIST_FILE = YES;
				IPHONEOS_DEPLOYMENT_TARGET = 18.5;
				MARKETING_VERSION = 1.0;
				PRODUCT_BUNDLE_IDENTIFIER = "sjun.UI-referencesTests";
				PRODUCT_NAME = "$(TARGET_NAME)";
				SWIFT_EMIT_LOC_STRINGS = NO;
				SWIFT_VERSION = 5.0;
				TARGETED_DEVICE_FAMILY = "1,2";
				TEST_HOST = "$(BUILT_PRODUCTS_DIR)/UI references.app/$(BUNDLE_EXECUTABLE_FOLDER_PATH)/UI references";
			};
			name = Release;
		};
		5B245F8E2E16EC97006D339A /* Debug */ = {
			isa = XCBuildConfiguration;
			buildSettings = {
				CODE_SIGN_STYLE = Automatic;
				CURRENT_PROJECT_VERSION = 1;
				DEVELOPMENT_TEAM = MA3C48PBAR;
				GENERATE_INFOPLIST_FILE = YES;
				MARKETING_VERSION = 1.0;
				PRODUCT_BUNDLE_IDENTIFIER = "sjun.UI-referencesUITests";
				PRODUCT_NAME = "$(TARGET_NAME)";
				SWIFT_EMIT_LOC_STRINGS = NO;
				SWIFT_VERSION = 5.0;
				TARGETED_DEVICE_FAMILY = "1,2";
				TEST_TARGET_NAME = "UI references";
			};
			name = Debug;
		};
		5B245F8F2E16EC97006D339A /* Release */ = {
			isa = XCBuildConfiguration;
			buildSettings = {
				CODE_SIGN_STYLE = Automatic;
				CURRENT_PROJECT_VERSION = 1;
				DEVELOPMENT_TEAM = MA3C48PBAR;
				GENERATE_INFOPLIST_FILE = YES;
				MARKETING_VERSION = 1.0;
				PRODUCT_BUNDLE_IDENTIFIER = "sjun.UI-referencesUITests";
				PRODUCT_NAME = "$(TARGET_NAME)";
				SWIFT_EMIT_LOC_STRINGS = NO;
				SWIFT_VERSION = 5.0;
				TARGETED_DEVICE_FAMILY = "1,2";
				TEST_TARGET_NAME = "UI references";
			};
			name = Release;
		};
/* End XCBuildConfiguration section */

/* Begin XCConfigurationList section */
		5B245F5C2E16EC94006D339A /* Build configuration list for PBXProject "UI references" */ = {
			isa = XCConfigurationList;
			buildConfigurations = (
				5B245F852E16EC97006D339A /* Debug */,
				5B245F862E16EC97006D339A /* Release */,
			);
			defaultConfigurationIsVisible = 0;
			defaultConfigurationName = Release;
		};
		5B245F872E16EC97006D339A /* Build configuration list for PBXNativeTarget "UI references" */ = {
			isa = XCConfigurationList;
			buildConfigurations = (
				5B245F882E16EC97006D339A /* Debug */,
				5B245F892E16EC97006D339A /* Release */,
			);
			defaultConfigurationIsVisible = 0;
			defaultConfigurationName = Release;
		};
		5B245F8A2E16EC97006D339A /* Build configuration list for PBXNativeTarget "UI referencesTests" */ = {
			isa = XCConfigurationList;
			buildConfigurations = (
				5B245F8B2E16EC97006D339A /* Debug */,
				5B245F8C2E16EC97006D339A /* Release */,
			);
			defaultConfigurationIsVisible = 0;
			defaultConfigurationName = Release;
		};
		5B245F8D2E16EC97006D339A /* Build configuration list for PBXNativeTarget "UI referencesUITests" */ = {
			isa = XCConfigurationList;
			buildConfigurations = (
				5B245F8E2E16EC97006D339A /* Debug */,
				5B245F8F2E16EC97006D339A /* Release */,
			);
			defaultConfigurationIsVisible = 0;
			defaultConfigurationName = Release;
		};
/* End XCConfigurationList section */
	};
	rootObject = 5B245F592E16EC94006D339A /* Project object */;
}
